
Microsoft Visual Studio Solution File, Format Version 12.00
# Visual Studio Version 17
VisualStudioVersion = 17.10.34928.147
MinimumVisualStudioVersion = 10.0.40219.1
Project("{FAE04EC0-301F-11D3-BF4B-00C04F79EFBC}") = "FirstWPFApp", "FirstWPFApp\FirstWPFApp.csproj", "{FC5967EE-357B-4113-8071-814CC9C176B4}"
EndProject
Global
	GlobalSection(SolutionConfigurationPlatforms) = preSolution
		Debug|Any CPU = Debug|Any CPU
		Release|Any CPU = Release|Any CPU
	EndGlobalSection
	GlobalSection(ProjectConfigurationPlatforms) = postSolution
		{FC5967EE-357B-4113-8071-814CC9C176B4}.Debug|Any CPU.ActiveCfg = Debug|Any CPU
		{FC5967EE-357B-4113-8071-814CC9C176B4}.Debug|Any CPU.Build.0 = Debug|Any CPU
		{FC5967EE-357B-4113-8071-814CC9C176B4}.Release|Any CPU.ActiveCfg = Release|Any CPU
		{FC5967EE-357B-4113-8071-814CC9C176B4}.Release|Any CPU.Build.0 = Release|Any CPU
	EndGlobalSection
	GlobalSection(SolutionProperties) = preSolution
		HideSolutionNode = FALSE
	EndGlobalSection
	GlobalSection(ExtensibilityGlobals) = postSolution
		SolutionGuid = {DBAA8756-84EB-4CDA-8410-7E261F4892C5}
	EndGlobalSection
EndGlobal
